
Microsoft Visual Studio Solution File, Format Version 12.00
# Visual Studio Version 17
VisualStudioVersion = 17.11.35312.102
MinimumVisualStudioVersion = 10.0.40219.1
Project("{FAE04EC0-301F-11D3-BF4B-00C04F79EFBC}") = "ass01_DLMS", "ass01_DLMS.csproj", "{0EECD995-DC95-4760-A3FA-7F59061DC1A7}"
EndProject
Global
	GlobalSection(SolutionConfigurationPlatforms) = preSolution
		Debug|Any CPU = Debug|Any CPU
		Release|Any CPU = Release|Any CPU
	EndGlobalSection
	GlobalSection(ProjectConfigurationPlatforms) = postSolution
		{0EECD995-DC95-4760-A3FA-7F59061DC1A7}.Debug|Any CPU.ActiveCfg = Debug|Any CPU
		{0EECD995-DC95-4760-A3FA-7F59061DC1A7}.Debug|Any CPU.Build.0 = Debug|Any CPU
		{0EECD995-DC95-4760-A3FA-7F59061DC1A7}.Release|Any CPU.ActiveCfg = Release|Any CPU
		{0EECD995-DC95-4760-A3FA-7F59061DC1A7}.Release|Any CPU.Build.0 = Release|Any CPU
	EndGlobalSection
	GlobalSection(SolutionProperties) = preSolution
		HideSolutionNode = FALSE
	EndGlobalSection
	GlobalSection(ExtensibilityGlobals) = postSolution
		SolutionGuid = {74A1CC94-942D-465E-A842-919E86B13255}
	EndGlobalSection
EndGlobal
